# This file is autogenerated, do not edit; changes may be undone by the next 'dep ensure'.


[[projects]]
  name = "github.com/asaskevich/govalidator"
  packages = ["."]
  revision = "ccb8e960c48f04d6935e72476ae4a51028f9e22f"
  version = "v9"

[[projects]]
  branch = "master"
  name = "github.com/atotto/clipboard"
  packages = ["."]
  revision = "5e2c7bddca04488284428a201e4a15615f7a5074"

[[projects]]
  branch = "master"
  name = "github.com/mingrammer/commonregex"
  packages = ["."]
  revision = "ee7cead549675302bf27cba93cf7f6bb0647efd1"

[[projects]]
  name = "github.com/spf13/pflag"
  packages = ["."]
  revision = "583c0c0531f06d5278b7d917446061adc344b5cd"
  version = "v1.0.1"

[solve-meta]
  analyzer-name = "dep"
  analyzer-version = 1
  inputs-digest = "db9b273dbba5a52815f2580df5d0484fc022882c62644ce008db80a113d5c4c5"
  solver-name = "gps-cdcl"
  solver-version = 1
